
Microsoft Visual Studio Solution File, Format Version 12.00
# Visual Studio Version 16
VisualStudioVersion = 16.0.31702.278
MinimumVisualStudioVersion = 10.0.40219.1
Project("{FAE04EC0-301F-11D3-BF4B-00C04F79EFBC}") = "AlbumList", "AlbumList\AlbumList.csproj", "{96B5D79F-6BF7-49B8-9A7D-8BE3843FE850}"
EndProject
Global
	GlobalSection(SolutionConfigurationPlatforms) = preSolution
		Debug|Any CPU = Debug|Any CPU
		Release|Any CPU = Release|Any CPU
	EndGlobalSection
	GlobalSection(ProjectConfigurationPlatforms) = postSolution
		{96B5D79F-6BF7-49B8-9A7D-8BE3843FE850}.Debug|Any CPU.ActiveCfg = Debug|Any CPU
		{96B5D79F-6BF7-49B8-9A7D-8BE3843FE850}.Debug|Any CPU.Build.0 = Debug|Any CPU
		{96B5D79F-6BF7-49B8-9A7D-8BE3843FE850}.Release|Any CPU.ActiveCfg = Release|Any CPU
		{96B5D79F-6BF7-49B8-9A7D-8BE3843FE850}.Release|Any CPU.Build.0 = Release|Any CPU
	EndGlobalSection
	GlobalSection(SolutionProperties) = preSolution
		HideSolutionNode = FALSE
	EndGlobalSection
	GlobalSection(ExtensibilityGlobals) = postSolution
		SolutionGuid = {B10A6DA7-CE7D-4FF7-9A59-1DB951CF913F}
	EndGlobalSection
EndGlobal
